version = 1
revision = 3
requires-python = ">=3.13"

[[package]]
name = "asgiref"
version = "3.11.0"
source = { registry = "https://pypi.org/simple" }
sdist = { url = "https://files.pythonhosted.org/packages/76/b9/4db2509eabd14b4a8c71d1b24c8d5734c52b8560a7b1e1a8b56c8d25568b/asgiref-3.11.0.tar.gz", hash = "sha256:13acff32519542a1736223fb79a715acdebe24286d98e8b164a73085f40da2c4", size = 37969, upload-time = "2025-11-19T15:32:20.106Z" }
wheels = [
    { url = "https://files.pythonhosted.org/packages/91/be/317c2c55b8bbec407257d45f5c8d1b6867abc76d12043f2d3d58c538a4ea/asgiref-3.11.0-py3-none-any.whl", hash = "sha256:1db9021efadb0d9512ce8ffaf72fcef601c7b73a8807a1bb2ef143dc6b14846d", size = 24096, upload-time = "2025-11-19T15:32:19.004Z" },
]

[[package]]
name = "click"
version = "8.3.1"
source = { registry = "https://pypi.org/simple" }
dependencies = [
    { name = "colorama", marker = "sys_platform == 'win32'" },
]
sdist = { url = "https://files.pythonhosted.org/packages/3d/fa/656b739db8587d7b5dfa22e22ed02566950fbfbcdc20311993483657a5c0/click-8.3.1.tar.gz", hash = "sha256:12ff4785d337a1bb490bb7e9c2b1ee5da3112e94a8622f26a6c77f5d2fc6842a", size = 295065, upload-time = "2025-11-15T20:45:42.706Z" }
wheels = [
    { url = "https://files.pythonhosted.org/packages/98/78/01c019cdb5d6498122777c1a43056ebb3ebfeef2076d9d026bfe15583b2b/click-8.3.1-py3-none-any.whl", hash = "sha256:981153a64e25f12d547d3426c367a4857371575ee7ad18df2a6183ab0545b2a6", size = 108274, upload-time = "2025-11-15T20:45:41.139Z" },
]

[[package]]
name = "colorama"
version = "0.4.6"
source = { registry = "https://pypi.org/simple" }
sdist = { url = "https://files.pythonhosted.org/packages/d8/53/6f443c9a4a8358a93a6792e2acffb9d9d5cb0a5cfd8802644b7b1c9a02e4/colorama-0.4.6.tar.gz", hash = "sha256:08695f5cb7ed6e0531a20572697297273c47b8cae5a63ffc6d6ed5c201be6e44", size = 27697, upload-time = "2022-10-25T02:36:22.414Z" }
wheels = [
    { url = "https://files.pythonhosted.org/packages/d1/d6/3965ed04c63042e047cb6a3e6ed1a63a35087b6a609aa3a15ed8ac56c221/colorama-0.4.6-py2.py3-none-any.whl", hash = "sha256:4f1d9991f5acc0ca119f9d443620b77f9d6b33703e51011c16baf57afb285fc6", size = 25335, upload-time = "2022-10-25T02:36:20.889Z" },
]

[[package]]
name = "dj-database-url"
version = "3.0.1"
source = { registry = "https://pypi.org/simple" }
dependencies = [
    { name = "django" },
]
sdist = { url = "https://files.pythonhosted.org/packages/75/05/2ec51009f4ce424877dbd8ad95868faec0c3494ed0ff1635f9ab53d9e0ee/dj_database_url-3.0.1.tar.gz", hash = "sha256:8994961efb888fc6bf8c41550870c91f6f7691ca751888ebaa71442b7f84eff8", size = 12556, upload-time = "2025-07-02T09:40:11.424Z" }
wheels = [
    { url = "https://files.pythonhosted.org/packages/aa/5e/86a43c6fdaa41c12d58e4ff3ebbfd6b71a7cb0360a08614e3754ef2e9afb/dj_database_url-3.0.1-py3-none-any.whl", hash = "sha256:43950018e1eeea486bf11136384aec0fe55b29fe6fd8a44553231b85661d9383", size = 8808, upload-time = "2025-07-02T09:40:26.326Z" },
]

[[package]]
name = "dj-email-url"
version = "1.0.6"
source = { registry = "https://pypi.org/simple" }
sdist = { url = "https://files.pythonhosted.org/packages/14/ef/8eb478accd9b0369d46a98d1b43027ee0c254096149265c78e6b2e2fa3b0/dj-email-url-1.0.6.tar.gz", hash = "sha256:55ffe3329e48f54f8a75aa36ece08f365e09d61f8a209773ef09a1d4760e699a", size = 15590, upload-time = "2022-09-24T11:04:50.281Z" }
wheels = [
    { url = "https://files.pythonhosted.org/packages/8a/f9/fcb9745099d821f9a26092d3d6f4df8f10049885045c3a93ff726d2e40a6/dj_email_url-1.0.6-py2.py3-none-any.whl", hash = "sha256:cbd08327fbb08b104eac160fb4703f375532e4c0243eb230f5b960daee7a96db", size = 6296, upload-time = "2022-09-24T11:04:47.191Z" },
]

[[package]]
name = "django"
version = "5.2.9"
source = { registry = "https://pypi.org/simple" }
dependencies = [
    { name = "asgiref" },
    { name = "sqlparse" },
    { name = "tzdata", marker = "sys_platform == 'win32'" },
]
sdist = { url = "https://files.pythonhosted.org/packages/eb/1c/188ce85ee380f714b704283013434976df8d3a2df8e735221a02605b6794/django-5.2.9.tar.gz", hash = "sha256:16b5ccfc5e8c27e6c0561af551d2ea32852d7352c67d452ae3e76b4f6b2ca495", size = 10848762, upload-time = "2025-12-02T14:01:08.418Z" }
wheels = [
    { url = "https://files.pythonhosted.org/packages/17/b0/7f42bfc38b8f19b78546d47147e083ed06e12fc29c42da95655e0962c6c2/django-5.2.9-py3-none-any.whl", hash = "sha256:3a4ea88a70370557ab1930b332fd2887a9f48654261cdffda663fef5976bb00a", size = 8290652, upload-time = "2025-12-02T14:01:03.485Z" },
]

[[package]]
name = "django-cache-url"
version = "3.4.5"
source = { registry = "https://pypi.org/simple" }
sdist = { url = "https://files.pythonhosted.org/packages/20/28/d420aaa89028d2ec0cf17c1510d06ff6a8ed0bf1abfb7f33c999e1c5befa/django-cache-url-3.4.5.tar.gz", hash = "sha256:eb9fb194717524348c95cad9905b70b647452741c1d9e481fac6d2125f0ad917", size = 7230, upload-time = "2023-12-04T17:19:46.21Z" }
wheels = [
    { url = "https://files.pythonhosted.org/packages/48/90/01755e4a42558b763f7021e9369aa6aa94c2ede7313deed56cb7483834ab/django_cache_url-3.4.5-py2.py3-none-any.whl", hash = "sha256:5f350759978483ab85dc0e3e17b3d53eed3394a28148f6bf0f53d11d0feb5b3c", size = 4760, upload-time = "2023-12-04T17:19:44.355Z" },
]

[[package]]
name = "django-click"
version = "2.4.1"
source = { registry = "https://pypi.org/simple" }
dependencies = [
    { name = "click" },
]
sdist = { url = "https://files.pythonhosted.org/packages/2e/bb/f47eb64d008805195a5d44a2fb306638a84e673dd5fd4ee738b05fa3a55b/django_click-2.4.1.tar.gz", hash = "sha256:5b989ca791689391e6744f8a4dda9bc0aac06670f408c45794d6b83fbe7577ce", size = 8742, upload-time = "2025-02-27T13:19:28.195Z" }
wheels = [
    { url = "https://files.pythonhosted.org/packages/94/f1/3bffa13296a9ee51a266e49db00a7defb64f613d68a80cdb2d50721f4b65/django_click-2.4.1-py2.py3-none-any.whl", hash = "sha256:80cfa57af0fae29a3d47f20a74d71aecd1f0bf299549cddb97d98a949e130f01", size = 7334, upload-time = "2025-02-27T13:19:26.426Z" },
]

[[package]]
name = "django-prodserver"
version = "2.4.0"
source = { registry = "https://pypi.org/simple" }
dependencies = [
    { name = "django" },
]
sdist = { url = "https://files.pythonhosted.org/packages/28/a6/e16660d350bae21cc28aa7ae2a66f0a963c108834801d75591fe5f076ac1/django_prodserver-2.4.0.tar.gz", hash = "sha256:642a9d52829c56980e4f17f3c807e87be8f5584d3cddeae612c44c854866da79", size = 24088, upload-time = "2025-12-04T21:16:05.833Z" }
wheels = [
    { url = "https://files.pythonhosted.org/packages/13/f6/74efddbab4208f413eb5f1e0faff225911d1a7793bf0c523d2862b014307/django_prodserver-2.4.0-py3-none-any.whl", hash = "sha256:912096f383c9547227c8bc3db586f1acb68efaa4704b10a66d91016be1d67ee7", size = 15291, upload-time = "2025-12-04T21:16:04.81Z" },
]

[package.optional-dependencies]
gunicorn = [
    { name = "gunicorn" },
]

[[package]]
name = "django-test-plus"
version = "2.3.0"
source = { registry = "https://pypi.org/simple" }
sdist = { url = "https://files.pythonhosted.org/packages/5f/83/fda5e666c5504ec5d6205c9a2aac4b7758dffc5dfcd4c25da6e535e51ddd/django-test-plus-2.3.0.tar.gz", hash = "sha256:05c153186c4122a42b14bbc5f8a546f34a0e0a714c26afb8ff23868ffc4c8e87", size = 18960, upload-time = "2025-07-02T21:16:57.658Z" }

[[package]]
name = "environs"
version = "14.5.0"
source = { registry = "https://pypi.org/simple" }
dependencies = [
    { name = "marshmallow" },
    { name = "python-dotenv" },
]
sdist = { url = "https://files.pythonhosted.org/packages/aa/75/06801d5beeb398ed3903167af9376bb81c4ac41c44a53d45193065ebb1a8/environs-14.5.0.tar.gz", hash = "sha256:f7b8f6fcf3301bc674bc9c03e39b5986d116126ffb96764efd34c339ed9464ee", size = 35426, upload-time = "2025-11-02T21:30:36.78Z" }
wheels = [
    { url = "https://files.pythonhosted.org/packages/d3/f3/6961beb9a1e77d01dee1dd48f00fb3064429c8abcfa26aa863eb7cb2b6dd/environs-14.5.0-py3-none-any.whl", hash = "sha256:1abd3e3a5721fb09797438d6c902bc2f35d4580dfaffe68b8ee588b67b504e13", size = 17202, upload-time = "2025-11-02T21:30:35.186Z" },
]

[package.optional-dependencies]
django = [
    { name = "dj-database-url" },
    { name = "dj-email-url" },
    { name = "django-cache-url" },
]

[[package]]
name = "gunicorn"
version = "23.0.0"
source = { registry = "https://pypi.org/simple" }
dependencies = [
    { name = "packaging" },
]
sdist = { url = "https://files.pythonhosted.org/packages/34/72/9614c465dc206155d93eff0ca20d42e1e35afc533971379482de953521a4/gunicorn-23.0.0.tar.gz", hash = "sha256:f014447a0101dc57e294f6c18ca6b40227a4c90e9bdb586042628030cba004ec", size = 375031, upload-time = "2024-08-10T20:25:27.378Z" }
wheels = [
    { url = "https://files.pythonhosted.org/packages/cb/7d/6dac2a6e1eba33ee43f318edbed4ff29151a49b5d37f080aad1e6469bca4/gunicorn-23.0.0-py3-none-any.whl", hash = "sha256:ec400d38950de4dfd418cff8328b2c8faed0edb0d517d3394e457c317908ca4d", size = 85029, upload-time = "2024-08-10T20:25:24.996Z" },
]

[[package]]
name = "iniconfig"
version = "2.3.0"
source = { registry = "https://pypi.org/simple" }
sdist = { url = "https://files.pythonhosted.org/packages/72/34/14ca021ce8e5dfedc35312d08ba8bf51fdd999c576889fc2c24cb97f4f10/iniconfig-2.3.0.tar.gz", hash = "sha256:c76315c77db068650d49c5b56314774a7804df16fee4402c1f19d6d15d8c4730", size = 20503, upload-time = "2025-10-18T21:55:43.219Z" }
wheels = [
    { url = "https://files.pythonhosted.org/packages/cb/b1/3846dd7f199d53cb17f49cba7e651e9ce294d8497c8c150530ed11865bb8/iniconfig-2.3.0-py3-none-any.whl", hash = "sha256:f631c04d2c48c52b84d0d0549c99ff3859c98df65b3101406327ecc7d53fbf12", size = 7484, upload-time = "2025-10-18T21:55:41.639Z" },
]

[[package]]
name = "marshmallow"
version = "4.1.0"
source = { registry = "https://pypi.org/simple" }
sdist = { url = "https://files.pythonhosted.org/packages/a7/2c/e40834adb0bb6f21d7372ad90e616eda82116d4f090d93c29ceb2366cdaf/marshmallow-4.1.0.tar.gz", hash = "sha256:daa9862f74e2f7864980d25c29b4ea72944cde48aa17537e3bd5797a4ae62d71", size = 220619, upload-time = "2025-11-01T15:40:37.096Z" }
wheels = [
    { url = "https://files.pythonhosted.org/packages/e7/df/081ea8c41696d598e7cea4f101e49da718a9b6c9dcaaad4e76dfc11a022c/marshmallow-4.1.0-py3-none-any.whl", hash = "sha256:9901660499be3b880dc92d6b5ee0b9a79e94265b7793f71021f92040c07129f1", size = 48286, upload-time = "2025-11-01T15:40:35.542Z" },
]

[[package]]
name = "model-bakery"
version = "1.20.5"
source = { registry = "https://pypi.org/simple" }
dependencies = [
    { name = "django" },
]
sdist = { url = "https://files.pythonhosted.org/packages/bf/73/24854c5053c852201b4799e7837060496d1418a28488a90a299e8d9c618b/model_bakery-1.20.5.tar.gz", hash = "sha256:107b3efb8889baac83cae0e2d81465903b69a70eeb99ecfd0929d959a653ab90", size = 21332, upload-time = "2025-06-07T10:21:47.727Z" }
wheels = [
    { url = "https://files.pythonhosted.org/packages/13/4b/157c1113e317f79a257b4dfe0607dbab7f57bec67a34d053588dfb8945ac/model_bakery-1.20.5-py3-none-any.whl", hash = "sha256:796e0b7fa6bf2acc09feaadce40c6bcc13e5b55c5bdff9f76e87ceb64f736070", size = 24292, upload-time = "2025-06-07T10:21:46.438Z" },
]

[[package]]
name = "packaging"
version = "25.0"
source = { registry = "https://pypi.org/simple" }
sdist = { url = "https://files.pythonhosted.org/packages/a1/d4/1fc4078c65507b51b96ca8f8c3ba19e6a61c8253c72794544580a7b6c24d/packaging-25.0.tar.gz", hash = "sha256:d443872c98d677bf60f6a1f2f8c1cb748e8fe762d2bf9d3148b5599295b0fc4f", size = 165727, upload-time = "2025-04-19T11:48:59.673Z" }
wheels = [
    { url = "https://files.pythonhosted.org/packages/20/12/38679034af332785aac8774540895e234f4d07f7545804097de4b666afd8/packaging-25.0-py3-none-any.whl", hash = "sha256:29572ef2b1f17581046b3a2227d5c611fb25ec70ca1ba8554b24b0e69331a484", size = 66469, upload-time = "2025-04-19T11:48:57.875Z" },
]

[[package]]
name = "pluggy"
version = "1.6.0"
source = { registry = "https://pypi.org/simple" }
sdist = { url = "https://files.pythonhosted.org/packages/f9/e2/3e91f31a7d2b083fe6ef3fa267035b518369d9511ffab804f839851d2779/pluggy-1.6.0.tar.gz", hash = "sha256:7dcc130b76258d33b90f61b658791dede3486c3e6bfb003ee5c9bfb396dd22f3", size = 69412, upload-time = "2025-05-15T12:30:07.975Z" }
wheels = [
    { url = "https://files.pythonhosted.org/packages/54/20/4d324d65cc6d9205fabedc306948156824eb9f0ee1633355a8f7ec5c66bf/pluggy-1.6.0-py3-none-any.whl", hash = "sha256:e920276dd6813095e9377c0bc5566d94c932c33b27a3e3945d8389c374dd4746", size = 20538, upload-time = "2025-05-15T12:30:06.134Z" },
]

[[package]]
name = "psycopg"
version = "3.3.1"
source = { registry = "https://pypi.org/simple" }
dependencies = [
    { name = "tzdata", marker = "sys_platform == 'win32'" },
]
sdist = { url = "https://files.pythonhosted.org/packages/18/ed/3a30e8ef82d4128c76aa9bd6b2a7fe6c16c283811e6655997f5047801b47/psycopg-3.3.1.tar.gz", hash = "sha256:ccfa30b75874eef809c0fbbb176554a2640cc1735a612accc2e2396a92442fc6", size = 165596, upload-time = "2025-12-02T21:09:55.545Z" }
wheels = [
    { url = "https://files.pythonhosted.org/packages/b6/f3/0b4a4c25a47c2d907afa97674287dab61bc9941c9ac3972a67100e33894d/psycopg-3.3.1-py3-none-any.whl", hash = "sha256:e44d8eae209752efe46318f36dd0fdf5863e928009338d736843bb1084f6435c", size = 212760, upload-time = "2025-12-02T21:02:36.029Z" },
]

[package.optional-dependencies]
binary = [
    { name = "psycopg-binary", marker = "implementation_name != 'pypy'" },
]

[[package]]
name = "psycopg-binary"
version = "3.3.1"
source = { registry = "https://pypi.org/simple" }
wheels = [
    { url = "https://files.pythonhosted.org/packages/79/44/f907c508267bc203082217faf5750274f4c240471f99990db70ed9f4dada/psycopg_binary-3.3.1-cp313-cp313-macosx_10_13_x86_64.whl", hash = "sha256:fda22ce8530236381ff79a674ebc319f1a224f2e39a44158774e55e1488f89b9", size = 4579070, upload-time = "2025-12-02T21:08:04.885Z" },
    { url = "https://files.pythonhosted.org/packages/08/61/554bd7b9b93aef79f0bd3c4d381d9809ecf38e55ab4eb5984f58a74695f7/psycopg_binary-3.3.1-cp313-cp313-macosx_11_0_arm64.whl", hash = "sha256:d2fc5fa6c45c406e43c8cc2787055d487b3ae597d2139125191b37fa04835f01", size = 4657517, upload-time = "2025-12-02T21:08:08.941Z" },
    { url = "https://files.pythonhosted.org/packages/b8/1b/c3bc20b72b9b056d1f7a3a131d676c66fe2bc7585f9d9f23d659d8725407/psycopg_binary-3.3.1-cp313-cp313-manylinux2014_ppc64le.manylinux_2_17_ppc64le.whl", hash = "sha256:4d97e4d27cc7ee6938faf7dc9919c452581b4795bd97f3f48582846f24ab81ed", size = 5452087, upload-time = "2025-12-02T21:08:15.144Z" },
    { url = "https://files.pythonhosted.org/packages/f5/e6/58ae55874b963893f46d68748b28e05c432b0c109f53b40970ba6bf9fe95/psycopg_binary-3.3.1-cp313-cp313-manylinux2014_x86_64.manylinux_2_17_x86_64.whl", hash = "sha256:f4fb5a3cf4373a8b06c2feb8f29ff4c69968ba443687dedec9f79ce22ef339ae", size = 5131126, upload-time = "2025-12-02T21:08:23.463Z" },
    { url = "https://files.pythonhosted.org/packages/4c/28/bfcfb1b7c2907585292aaf61e902cbd00ecff50120178bc3e8268a74c1d6/psycopg_binary-3.3.1-cp313-cp313-manylinux_2_27_aarch64.manylinux_2_28_aarch64.whl", hash = "sha256:4de5298b81423648ae751c789a6adb7f9396bd4de7f402db8f469901d676ebe4", size = 6722913, upload-time = "2025-12-02T21:08:30.328Z" },
    { url = "https://files.pythonhosted.org/packages/c5/ba/7f6d3117059d4824854fb4eeafe7cb9fe069a43724f6a36b21aac0cd911d/psycopg_binary-3.3.1-cp313-cp313-manylinux_2_38_riscv64.manylinux_2_39_riscv64.whl", hash = "sha256:a41139976b8546b78ccd776b9f63665c247e209ae384fa6908ea401e9df2c385", size = 4966088, upload-time = "2025-12-02T21:08:34.666Z" },
    { url = "https://files.pythonhosted.org/packages/a5/18/d1baed589d7254be32eda44262787e397d1845fc7f08a30c38bf9345d361/psycopg_binary-3.3.1-cp313-cp313-musllinux_1_2_aarch64.whl", hash = "sha256:f8ea017e58fa7fd8df1d9058ff0248e28f29312bf150a00114fc0ace8a800bfa", size = 4493332, upload-time = "2025-12-02T21:08:38.935Z" },
    { url = "https://files.pythonhosted.org/packages/08/62/57c6ac97cd4d1297115c3840fe09a19ae50b96294e3b8e988385497dc074/psycopg_binary-3.3.1-cp313-cp313-musllinux_1_2_ppc64le.whl", hash = "sha256:447e31350ea6816af03f39e6fc5ccccf18e34dc223a7d82734621048bb3fb9af", size = 4170782, upload-time = "2025-12-02T21:08:43.949Z" },
    { url = "https://files.pythonhosted.org/packages/12/27/b2577aad1baaa476cf482fb207850fb3f03467b3e6f3485e8cf360588ea8/psycopg_binary-3.3.1-cp313-cp313-musllinux_1_2_riscv64.whl", hash = "sha256:1f97f1814b046c8103b0a46a8c36c28399489716eba70ed38fbae30a27866e2c", size = 3910543, upload-time = "2025-12-02T21:08:48.202Z" },
    { url = "https://files.pythonhosted.org/packages/dc/89/7ad39e369706beda88827031504d9bb5fed58bf6fe50ec7045bd6750736b/psycopg_binary-3.3.1-cp313-cp313-musllinux_1_2_x86_64.whl", hash = "sha256:3986f783ff656a0392b81b7ac1e0f88a276a38276a5c93c0b89d4862e309d618", size = 4220070, upload-time = "2025-12-02T21:08:52.752Z" },
    { url = "https://files.pythonhosted.org/packages/ad/3a/703c155ab9fb64c874921116fd740c93494e6bd599b1bcd9e4987f5dcfb4/psycopg_binary-3.3.1-cp313-cp313-win_amd64.whl", hash = "sha256:63e7c689a4249a1303da35df0b813e7cb3b9e2e5eae492a47482ee1a41dc66b2", size = 3540907, upload-time = "2025-12-02T21:08:56.898Z" },
    { url = "https://files.pythonhosted.org/packages/89/a5/056d227c85e4b769f2f9a2f2be71d1754492277410e15b2035637bafb92e/psycopg_binary-3.3.1-cp314-cp314-macosx_10_15_x86_64.whl", hash = "sha256:7f7464571c2f4936810cdd7aed9108d3d80c6ea3d668a6e23fe8e9a4f4942d09", size = 4596368, upload-time = "2025-12-02T21:09:01.181Z" },
    { url = "https://files.pythonhosted.org/packages/eb/a8/5c628a984f3a53ec49d4f56827b6593abc609dc580f879e471fce39835b9/psycopg_binary-3.3.1-cp314-cp314-macosx_11_0_arm64.whl", hash = "sha256:4889aa16b2bfd4796a8648087262680d332fe9c6926fd7fd3d85c4f5eb483f01", size = 4675138, upload-time = "2025-12-02T21:09:06.095Z" },
    { url = "https://files.pythonhosted.org/packages/60/a8/e3cfd12e1bff144ce4af6e2c1ff72f2562a2853c4020843cb790c014c564/psycopg_binary-3.3.1-cp314-cp314-manylinux2014_ppc64le.manylinux_2_17_ppc64le.whl", hash = "sha256:87a01fc62483b4cb5c343194d78ef9d7588624ad260fa82b31bf3c08e285a95f", size = 5456120, upload-time = "2025-12-02T21:09:11.385Z" },
    { url = "https://files.pythonhosted.org/packages/84/d7/70905001d6865c155b08badc5225d56daafbc064702cc42874f88d21bef8/psycopg_binary-3.3.1-cp314-cp314-manylinux2014_x86_64.manylinux_2_17_x86_64.whl", hash = "sha256:64b93d8456e17545c53bd23f601488fc508b68c4128133bc97762a00e61e8ab2", size = 5133485, upload-time = "2025-12-02T21:09:15.775Z" },
    { url = "https://files.pythonhosted.org/packages/49/6e/0cf90710f154d52163db920d059766ad27b510d90961a7f8f068ae3830f1/psycopg_binary-3.3.1-cp314-cp314-manylinux_2_27_aarch64.manylinux_2_28_aarch64.whl", hash = "sha256:0f6b7bc0d230932aed188b9cc44b6fc6d43e2ec1585903d09a2d15095731ee07", size = 6731818, upload-time = "2025-12-02T21:09:25.092Z" },
    { url = "https://files.pythonhosted.org/packages/41/0f/c6c81861a8b2be54ff2b57a9eff84e50b3ec97d246dcb23311a25c9f78f0/psycopg_binary-3.3.1-cp314-cp314-manylinux_2_38_riscv64.manylinux_2_39_riscv64.whl", hash = "sha256:5d4e3d94c2475fefcb7b93b507fe8fa5c8c61f993c9bece0ffd05906f1dbb47d", size = 4983866, upload-time = "2025-12-02T21:09:31.937Z" },
    { url = "https://files.pythonhosted.org/packages/83/88/9804e7749680f35d1eda8d9a979156f3f685a1af3a7c0f124b6a728e3836/psycopg_binary-3.3.1-cp314-cp314-musllinux_1_2_aarch64.whl", hash = "sha256:7e0998da49b193d35641be04068f061965428a4b5e776065691b7f8c1bbc472e", size = 4516389, upload-time = "2025-12-02T21:09:36.058Z" },
    { url = "https://files.pythonhosted.org/packages/cc/cf/f136ba0afab5fce9c621883055918cee730671d22f83caa843dae0d728a8/psycopg_binary-3.3.1-cp314-cp314-musllinux_1_2_ppc64le.whl", hash = "sha256:cbf1c2fb03b7114808aa251ff6401cad0fa85e78dbecf45d711510797708b256", size = 4192382, upload-time = "2025-12-02T21:09:40.238Z" },
    { url = "https://files.pythonhosted.org/packages/ca/57/3c089efb7c52b455b3cfcc6d0a367e30f286777a3b291f93abe8eeeaa748/psycopg_binary-3.3.1-cp314-cp314-musllinux_1_2_riscv64.whl", hash = "sha256:18c87c715dda836dcdf1f71c6b71a3d10194f07faf8358d2d42bc637d70137cf", size = 3928661, upload-time = "2025-12-02T21:09:44.658Z" },
    { url = "https://files.pythonhosted.org/packages/1c/95/a8096c8f61622ae74d55bc4442c5e86b009fe8a07e7e4dd58783fe14fc81/psycopg_binary-3.3.1-cp314-cp314-musllinux_1_2_x86_64.whl", hash = "sha256:ec0a04b95faf5c6c0af24917883b282f23dc588f0ee565efdd1146ed8129d258", size = 4239169, upload-time = "2025-12-02T21:09:49.4Z" },
    { url = "https://files.pythonhosted.org/packages/21/f0/9603f03eb2f887d47b6554def8f01317069515f4294878011b341759e332/psycopg_binary-3.3.1-cp314-cp314-win_amd64.whl", hash = "sha256:c0bcb5a5ec01ccc34f884470473b2b9d1730513b7fb7175f741224af6af14182", size = 3642104, upload-time = "2025-12-02T21:09:53.514Z" },
]

[[package]]
name = "pygments"
version = "2.19.2"
source = { registry = "https://pypi.org/simple" }
sdist = { url = "https://files.pythonhosted.org/packages/b0/77/a5b8c569bf593b0140bde72ea885a803b82086995367bf2037de0159d924/pygments-2.19.2.tar.gz", hash = "sha256:636cb2477cec7f8952536970bc533bc43743542f70392ae026374600add5b887", size = 4968631, upload-time = "2025-06-21T13:39:12.283Z" }
wheels = [
    { url = "https://files.pythonhosted.org/packages/c7/21/705964c7812476f378728bdf590ca4b771ec72385c533964653c68e86bdc/pygments-2.19.2-py3-none-any.whl", hash = "sha256:86540386c03d588bb81d44bc3928634ff26449851e99741617ecb9037ee5ec0b", size = 1225217, upload-time = "2025-06-21T13:39:07.939Z" },
]

[[package]]
name = "pytest"
version = "9.0.1"
source = { registry = "https://pypi.org/simple" }
dependencies = [
    { name = "colorama", marker = "sys_platform == 'win32'" },
    { name = "iniconfig" },
    { name = "packaging" },
    { name = "pluggy" },
    { name = "pygments" },
]
sdist = { url = "https://files.pythonhosted.org/packages/07/56/f013048ac4bc4c1d9be45afd4ab209ea62822fb1598f40687e6bf45dcea4/pytest-9.0.1.tar.gz", hash = "sha256:3e9c069ea73583e255c3b21cf46b8d3c56f6e3a1a8f6da94ccb0fcf57b9d73c8", size = 1564125, upload-time = "2025-11-12T13:05:09.333Z" }
wheels = [
    { url = "https://files.pythonhosted.org/packages/0b/8b/6300fb80f858cda1c51ffa17075df5d846757081d11ab4aa35cef9e6258b/pytest-9.0.1-py3-none-any.whl", hash = "sha256:67be0030d194df2dfa7b556f2e56fb3c3315bd5c8822c6951162b92b32ce7dad", size = 373668, upload-time = "2025-11-12T13:05:07.379Z" },
]

[[package]]
name = "pytest-django"
version = "4.11.1"
source = { registry = "https://pypi.org/simple" }
dependencies = [
    { name = "pytest" },
]
sdist = { url = "https://files.pythonhosted.org/packages/b1/fb/55d580352db26eb3d59ad50c64321ddfe228d3d8ac107db05387a2fadf3a/pytest_django-4.11.1.tar.gz", hash = "sha256:a949141a1ee103cb0e7a20f1451d355f83f5e4a5d07bdd4dcfdd1fd0ff227991", size = 86202, upload-time = "2025-04-03T18:56:09.338Z" }
wheels = [
    { url = "https://files.pythonhosted.org/packages/be/ac/bd0608d229ec808e51a21044f3f2f27b9a37e7a0ebaca7247882e67876af/pytest_django-4.11.1-py3-none-any.whl", hash = "sha256:1b63773f648aa3d8541000c26929c1ea63934be1cfa674c76436966d73fe6a10", size = 25281, upload-time = "2025-04-03T18:56:07.678Z" },
]

[[package]]
name = "python-dotenv"
version = "1.2.1"
source = { registry = "https://pypi.org/simple" }
sdist = { url = "https://files.pythonhosted.org/packages/f0/26/19cadc79a718c5edbec86fd4919a6b6d3f681039a2f6d66d14be94e75fb9/python_dotenv-1.2.1.tar.gz", hash = "sha256:42667e897e16ab0d66954af0e60a9caa94f0fd4ecf3aaf6d2d260eec1aa36ad6", size = 44221, upload-time = "2025-10-26T15:12:10.434Z" }
wheels = [
    { url = "https://files.pythonhosted.org/packages/14/1b/a298b06749107c305e1fe0f814c6c74aea7b2f1e10989cb30f544a1b3253/python_dotenv-1.2.1-py3-none-any.whl", hash = "sha256:b81ee9561e9ca4004139c6cbba3a238c32b03e4894671e181b671e8cb8425d61", size = 21230, upload-time = "2025-10-26T15:12:09.109Z" },
]

[[package]]
name = "secret-santa"
version = "0.1.0"
source = { virtual = "." }
dependencies = [
    { name = "django" },
    { name = "django-click" },
    { name = "django-prodserver", extra = ["gunicorn"] },
    { name = "environs", extra = ["django"] },
    { name = "psycopg", extra = ["binary"] },
    { name = "whitenoise" },
]

[package.dev-dependencies]
dev = [
    { name = "django-test-plus" },
    { name = "model-bakery" },
    { name = "pytest" },
    { name = "pytest-django" },
]

[package.metadata]
requires-dist = [
    { name = "django", specifier = "<6.0" },
    { name = "django-click" },
    { name = "django-prodserver", extras = ["gunicorn"] },
    { name = "environs", extras = ["django"] },
    { name = "psycopg", extras = ["binary"] },
    { name = "whitenoise" },
]

[package.metadata.requires-dev]
dev = [
    { name = "django-test-plus" },
    { name = "model-bakery" },
    { name = "pytest" },
    { name = "pytest-django" },
]

[[package]]
name = "sqlparse"
version = "0.5.4"
source = { registry = "https://pypi.org/simple" }
sdist = { url = "https://files.pythonhosted.org/packages/18/67/701f86b28d63b2086de47c942eccf8ca2208b3be69715a1119a4e384415a/sqlparse-0.5.4.tar.gz", hash = "sha256:4396a7d3cf1cd679c1be976cf3dc6e0a51d0111e87787e7a8d780e7d5a998f9e", size = 120112, upload-time = "2025-11-28T07:10:18.377Z" }
wheels = [
    { url = "https://files.pythonhosted.org/packages/25/70/001ee337f7aa888fb2e3f5fd7592a6afc5283adb1ed44ce8df5764070f22/sqlparse-0.5.4-py3-none-any.whl", hash = "sha256:99a9f0314977b76d776a0fcb8554de91b9bb8a18560631d6bc48721d07023dcb", size = 45933, upload-time = "2025-11-28T07:10:19.73Z" },
]

[[package]]
name = "tzdata"
version = "2025.2"
source = { registry = "https://pypi.org/simple" }
sdist = { url = "https://files.pythonhosted.org/packages/95/32/1a225d6164441be760d75c2c42e2780dc0873fe382da3e98a2e1e48361e5/tzdata-2025.2.tar.gz", hash = "sha256:b60a638fcc0daffadf82fe0f57e53d06bdec2f36c4df66280ae79bce6bd6f2b9", size = 196380, upload-time = "2025-03-23T13:54:43.652Z" }
wheels = [
    { url = "https://files.pythonhosted.org/packages/5c/23/c7abc0ca0a1526a0774eca151daeb8de62ec457e77262b66b359c3c7679e/tzdata-2025.2-py2.py3-none-any.whl", hash = "sha256:1a403fada01ff9221ca8044d701868fa132215d84beb92242d9acd2147f667a8", size = 347839, upload-time = "2025-03-23T13:54:41.845Z" },
]

[[package]]
name = "whitenoise"
version = "6.11.0"
source = { registry = "https://pypi.org/simple" }
sdist = { url = "https://files.pythonhosted.org/packages/15/95/8c81ec6b6ebcbf8aca2de7603070ccf37dbb873b03f20708e0f7c1664bc6/whitenoise-6.11.0.tar.gz", hash = "sha256:0f5bfce6061ae6611cd9396a8231e088722e4fc67bc13a111be74c738d99375f", size = 26432, upload-time = "2025-09-18T09:16:10.995Z" }
wheels = [
    { url = "https://files.pythonhosted.org/packages/6c/e9/4366332f9295fe0647d7d3251ce18f5615fbcb12d02c79a26f8dba9221b3/whitenoise-6.11.0-py3-none-any.whl", hash = "sha256:b2aeb45950597236f53b5342b3121c5de69c8da0109362aee506ce88e022d258", size = 20197, upload-time = "2025-09-18T09:16:09.754Z" },
]
